
Microsoft Visual Studio Solution File, Format Version 12.00
# Visual Studio Version 17
VisualStudioVersion = 17.8.34330.188
MinimumVisualStudioVersion = 10.0.40219.1
Project("{FAE04EC0-301F-11D3-BF4B-00C04F79EFBC}") = "Test 1", "Test 1\Test 1.csproj", "{ECE2A42B-4F03-490D-9DAC-32F7947FA0A4}"
EndProject
Global
	GlobalSection(SolutionConfigurationPlatforms) = preSolution
		Debug|Any CPU = Debug|Any CPU
		Release|Any CPU = Release|Any CPU
	EndGlobalSection
	GlobalSection(ProjectConfigurationPlatforms) = postSolution
		{ECE2A42B-4F03-490D-9DAC-32F7947FA0A4}.Debug|Any CPU.ActiveCfg = Debug|Any CPU
		{ECE2A42B-4F03-490D-9DAC-32F7947FA0A4}.Debug|Any CPU.Build.0 = Debug|Any CPU
		{ECE2A42B-4F03-490D-9DAC-32F7947FA0A4}.Release|Any CPU.ActiveCfg = Release|Any CPU
		{ECE2A42B-4F03-490D-9DAC-32F7947FA0A4}.Release|Any CPU.Build.0 = Release|Any CPU
	EndGlobalSection
	GlobalSection(SolutionProperties) = preSolution
		HideSolutionNode = FALSE
	EndGlobalSection
	GlobalSection(ExtensibilityGlobals) = postSolution
		SolutionGuid = {8CFEC9E3-50CC-421D-B359-E6E8A5D48E4B}
	EndGlobalSection
EndGlobal
